
Microsoft Visual Studio Solution File, Format Version 12.00
# Visual Studio Version 17
VisualStudioVersion = 17.5.33516.290
MinimumVisualStudioVersion = 10.0.40219.1
Project("{FAE04EC0-301F-11D3-BF4B-00C04F79EFBC}") = "Chart", "Chart\Chart.csproj", "{1216FD39-F589-4178-844F-158106435A8D}"
EndProject
Global
	GlobalSection(SolutionConfigurationPlatforms) = preSolution
		Debug|Any CPU = Debug|Any CPU
		Release|Any CPU = Release|Any CPU
	EndGlobalSection
	GlobalSection(ProjectConfigurationPlatforms) = postSolution
		{1216FD39-F589-4178-844F-158106435A8D}.Debug|Any CPU.ActiveCfg = Debug|Any CPU
		{1216FD39-F589-4178-844F-158106435A8D}.Debug|Any CPU.Build.0 = Debug|Any CPU
		{1216FD39-F589-4178-844F-158106435A8D}.Release|Any CPU.ActiveCfg = Release|Any CPU
		{1216FD39-F589-4178-844F-158106435A8D}.Release|Any CPU.Build.0 = Release|Any CPU
	EndGlobalSection
	GlobalSection(SolutionProperties) = preSolution
		HideSolutionNode = FALSE
	EndGlobalSection
	GlobalSection(ExtensibilityGlobals) = postSolution
		SolutionGuid = {33BD8706-77CF-41AD-86CF-B2FD3C25DDC9}
	EndGlobalSection
EndGlobal
